// !$*UTF8*$!
{
	archiveVersion = 1;
	classes = {
	};
	objectVersion = 56;
	objects = {

/* Begin PBXBuildFile section */
		4E8ACB622DC044B800F5AAAF /* GitHubCollaborationApp.swift in Sources */ = {isa = PBXBuildFile; fileRef = 4E8ACB612DC044B800F5AAAF /* GitHubCollaborationApp.swift */; };
		4E8ACB642DC044B800F5AAAF /* ContentView.swift in Sources */ = {isa = PBXBuildFile; fileRef = 4E8ACB632DC044B800F5AAAF /* ContentView.swift */; };
		4E8ACB662DC044BA00F5AAAF /* Assets.xcassets in Resources */ = {isa = PBXBuildFile; fileRef = 4E8ACB652DC044BA00F5AAAF /* Assets.xcassets */; };
		4E8ACB6A2DC044BA00F5AAAF /* Preview Assets.xcassets in Resources */ = {isa = PBXBuildFile; fileRef = 4E8ACB692DC044BA00F5AAAF /* Preview Assets.xcassets */; };
		4E8ACB742DC044BA00F5AAAF /* GitHubCollaborationTests.swift in Sources */ = {isa = PBXBuildFile; fileRef = 4E8ACB732DC044BA00F5AAAF /* GitHubCollaborationTests.swift */; };
		4E8ACB7E2DC044BA00F5AAAF /* GitHubCollaborationUITests.swift in Sources */ = {isa = PBXBuildFile; fileRef = 4E8ACB7D2DC044BA00F5AAAF /* GitHubCollaborationUITests.swift */; };
		4E8ACB802DC044BA00F5AAAF /* GitHubCollaborationUITestsLaunchTests.swift in Sources */ = {isa = PBXBuildFile; fileRef = 4E8ACB7F2DC044BA00F5AAAF /* GitHubCollaborationUITestsLaunchTests.swift */; };
/* End PBXBuildFile section */

/* Begin PBXContainerItemProxy section */
		4E8ACB702DC044BA00F5AAAF /* PBXContainerItemProxy */ = {
			isa = PBXContainerItemProxy;
			containerPortal = 4E8ACB562DC044B800F5AAAF /* Project object */;
			proxyType = 1;
			remoteGlobalIDString = 4E8ACB5D2DC044B800F5AAAF;
			remoteInfo = GitHubCollaboration;
		};
		4E8ACB7A2DC044BA00F5AAAF /* PBXContainerItemProxy */ = {
			isa = PBXContainerItemProxy;
			containerPortal = 4E8ACB562DC044B800F5AAAF /* Project object */;
			proxyType = 1;
			remoteGlobalIDString = 4E8ACB5D2DC044B800F5AAAF;
			remoteInfo = GitHubCollaboration;
		};
/* End PBXContainerItemProxy section */

/* Begin PBXFileReference section */
		4E8ACB5E2DC044B800F5AAAF /* GitHubCollaboration.app */ = {isa = PBXFileReference; explicitFileType = wrapper.application; includeInIndex = 0; path = GitHubCollaboration.app; sourceTree = BUILT_PRODUCTS_DIR; };
		4E8ACB612DC044B800F5AAAF /* GitHubCollaborationApp.swift */ = {isa = PBXFileReference; lastKnownFileType = sourcecode.swift; path = GitHubCollaborationApp.swift; sourceTree = "<group>"; };
		4E8ACB632DC044B800F5AAAF /* ContentView.swift */ = {isa = PBXFileReference; lastKnownFileType = sourcecode.swift; path = ContentView.swift; sourceTree = "<group>"; };
		4E8ACB652DC044BA00F5AAAF /* Assets.xcassets */ = {isa = PBXFileReference; lastKnownFileType = folder.assetcatalog; path = Assets.xcassets; sourceTree = "<group>"; };
		4E8ACB672DC044BA00F5AAAF /* GitHubCollaboration.entitlements */ = {isa = PBXFileReference; lastKnownFileType = text.plist.entitlements; path = GitHubCollaboration.entitlements; sourceTree = "<group>"; };
		4E8ACB692DC044BA00F5AAAF /* Preview Assets.xcassets */ = {isa = PBXFileReference; lastKnownFileType = folder.assetcatalog; path = "Preview Assets.xcassets"; sourceTree = "<group>"; };
		4E8ACB6F2DC044BA00F5AAAF /* GitHubCollaborationTests.xctest */ = {isa = PBXFileReference; explicitFileType = wrapper.cfbundle; includeInIndex = 0; path = GitHubCollaborationTests.xctest; sourceTree = BUILT_PRODUCTS_DIR; };
		4E8ACB732DC044BA00F5AAAF /* GitHubCollaborationTests.swift */ = {isa = PBXFileReference; lastKnownFileType = sourcecode.swift; path = GitHubCollaborationTests.swift; sourceTree = "<group>"; };
		4E8ACB792DC044BA00F5AAAF /* GitHubCollaborationUITests.xctest */ = {isa = PBXFileReference; explicitFileType = wrapper.cfbundle; includeInIndex = 0; path = GitHubCollaborationUITests.xctest; sourceTree = BUILT_PRODUCTS_DIR; };
		4E8ACB7D2DC044BA00F5AAAF /* GitHubCollaborationUITests.swift */ = {isa = PBXFileReference; lastKnownFileType = sourcecode.swift; path = GitHubCollaborationUITests.swift; sourceTree = "<group>"; };
		4E8ACB7F2DC044BA00F5AAAF /* GitHubCollaborationUITestsLaunchTests.swift */ = {isa = PBXFileReference; lastKnownFileType = sourcecode.swift; path = GitHubCollaborationUITestsLaunchTests.swift; sourceTree = "<group>"; };
/* End PBXFileReference section */

/* Begin PBXFrameworksBuildPhase section */
		4E8ACB5B2DC044B800F5AAAF /* Frameworks */ = {
			isa = PBXFrameworksBuildPhase;
			buildActionMask = 2147483647;
			files = (
			);
			runOnlyForDeploymentPostprocessing = 0;
		};
		4E8ACB6C2DC044BA00F5AAAF /* Frameworks */ = {
			isa = PBXFrameworksBuildPhase;
			buildActionMask = 2147483647;
			files = (
			);
			runOnlyForDeploymentPostprocessing = 0;
		};
		4E8ACB762DC044BA00F5AAAF /* Frameworks */ = {
			isa = PBXFrameworksBuildPhase;
			buildActionMask = 2147483647;
			files = (
			);
			runOnlyForDeploymentPostprocessing = 0;
		};
/* End PBXFrameworksBuildPhase section */

/* Begin PBXGroup section */
		4E8ACB552DC044B800F5AAAF = {
			isa = PBXGroup;
			children = (
				4E8ACB602DC044B800F5AAAF /* GitHubCollaboration */,
				4E8ACB722DC044BA00F5AAAF /* GitHubCollaborationTests */,
				4E8ACB7C2DC044BA00F5AAAF /* GitHubCollaborationUITests */,
				4E8ACB5F2DC044B800F5AAAF /* Products */,
			);
			sourceTree = "<group>";
		};
		4E8ACB5F2DC044B800F5AAAF /* Products */ = {
			isa = PBXGroup;
			children = (
				4E8ACB5E2DC044B800F5AAAF /* GitHubCollaboration.app */,
				4E8ACB6F2DC044BA00F5AAAF /* GitHubCollaborationTests.xctest */,
				4E8ACB792DC044BA00F5AAAF /* GitHubCollaborationUITests.xctest */,
			);
			name = Products;
			sourceTree = "<group>";
		};
		4E8ACB602DC044B800F5AAAF /* GitHubCollaboration */ = {
			isa = PBXGroup;
			children = (
				4E8ACB612DC044B800F5AAAF /* GitHubCollaborationApp.swift */,
				4E8ACB632DC044B800F5AAAF /* ContentView.swift */,
				4E8ACB652DC044BA00F5AAAF /* Assets.xcassets */,
				4E8ACB672DC044BA00F5AAAF /* GitHubCollaboration.entitlements */,
				4E8ACB682DC044BA00F5AAAF /* Preview Content */,
			);
			path = GitHubCollaboration;
			sourceTree = "<group>";
		};
		4E8ACB682DC044BA00F5AAAF /* Preview Content */ = {
			isa = PBXGroup;
			children = (
				4E8ACB692DC044BA00F5AAAF /* Preview Assets.xcassets */,
			);
			path = "Preview Content";
			sourceTree = "<group>";
		};
		4E8ACB722DC044BA00F5AAAF /* GitHubCollaborationTests */ = {
			isa = PBXGroup;
			children = (
				4E8ACB732DC044BA00F5AAAF /* GitHubCollaborationTests.swift */,
			);
			path = GitHubCollaborationTests;
			sourceTree = "<group>";
		};
		4E8ACB7C2DC044BA00F5AAAF /* GitHubCollaborationUITests */ = {
			isa = PBXGroup;
			children = (
				4E8ACB7D2DC044BA00F5AAAF /* GitHubCollaborationUITests.swift */,
				4E8ACB7F2DC044BA00F5AAAF /* GitHubCollaborationUITestsLaunchTests.swift */,
			);
			path = GitHubCollaborationUITests;
			sourceTree = "<group>";
		};
/* End PBXGroup section */

/* Begin PBXNativeTarget section */
		4E8ACB5D2DC044B800F5AAAF /* GitHubCollaboration */ = {
			isa = PBXNativeTarget;
			buildConfigurationList = 4E8ACB832DC044BA00F5AAAF /* Build configuration list for PBXNativeTarget "GitHubCollaboration" */;
			buildPhases = (
				4E8ACB5A2DC044B800F5AAAF /* Sources */,
				4E8ACB5B2DC044B800F5AAAF /* Frameworks */,
				4E8ACB5C2DC044B800F5AAAF /* Resources */,
			);
			buildRules = (
			);
			dependencies = (
			);
			name = GitHubCollaboration;
			productName = GitHubCollaboration;
			productReference = 4E8ACB5E2DC044B800F5AAAF /* GitHubCollaboration.app */;
			productType = "com.apple.product-type.application";
		};
		4E8ACB6E2DC044BA00F5AAAF /* GitHubCollaborationTests */ = {
			isa = PBXNativeTarget;
			buildConfigurationList = 4E8ACB862DC044BA00F5AAAF /* Build configuration list for PBXNativeTarget "GitHubCollaborationTests" */;
			buildPhases = (
				4E8ACB6B2DC044BA00F5AAAF /* Sources */,
				4E8ACB6C2DC044BA00F5AAAF /* Frameworks */,
				4E8ACB6D2DC044BA00F5AAAF /* Resources */,
			);
			buildRules = (
			);
			dependencies = (
				4E8ACB712DC044BA00F5AAAF /* PBXTargetDependency */,
			);
			name = GitHubCollaborationTests;
			productName = GitHubCollaborationTests;
			productReference = 4E8ACB6F2DC044BA00F5AAAF /* GitHubCollaborationTests.xctest */;
			productType = "com.apple.product-type.bundle.unit-test";
		};
		4E8ACB782DC044BA00F5AAAF /* GitHubCollaborationUITests */ = {
			isa = PBXNativeTarget;
			buildConfigurationList = 4E8ACB892DC044BA00F5AAAF /* Build configuration list for PBXNativeTarget "GitHubCollaborationUITests" */;
			buildPhases = (
				4E8ACB752DC044BA00F5AAAF /* Sources */,
				4E8ACB762DC044BA00F5AAAF /* Frameworks */,
				4E8ACB772DC044BA00F5AAAF /* Resources */,
			);
			buildRules = (
			);
			dependencies = (
				4E8ACB7B2DC044BA00F5AAAF /* PBXTargetDependency */,
			);
			name = GitHubCollaborationUITests;
			productName = GitHubCollaborationUITests;
			productReference = 4E8ACB792DC044BA00F5AAAF /* GitHubCollaborationUITests.xctest */;
			productType = "com.apple.product-type.bundle.ui-testing";
		};
/* End PBXNativeTarget section */

/* Begin PBXProject section */
		4E8ACB562DC044B800F5AAAF /* Project object */ = {
			isa = PBXProject;
			attributes = {
				BuildIndependentTargetsInParallel = 1;
				LastSwiftUpdateCheck = 1530;
				LastUpgradeCheck = 1530;
				TargetAttributes = {
					4E8ACB5D2DC044B800F5AAAF = {
						CreatedOnToolsVersion = 15.3;
					};
					4E8ACB6E2DC044BA00F5AAAF = {
						CreatedOnToolsVersion = 15.3;
						TestTargetID = 4E8ACB5D2DC044B800F5AAAF;
					};
					4E8ACB782DC044BA00F5AAAF = {
						CreatedOnToolsVersion = 15.3;
						TestTargetID = 4E8ACB5D2DC044B800F5AAAF;
					};
				};
			};
			buildConfigurationList = 4E8ACB592DC044B800F5AAAF /* Build configuration list for PBXProject "GitHubCollaboration" */;
			compatibilityVersion = "Xcode 14.0";
			developmentRegion = en;
			hasScannedForEncodings = 0;
			knownRegions = (
				en,
				Base,
			);
			mainGroup = 4E8ACB552DC044B800F5AAAF;
			productRefGroup = 4E8ACB5F2DC044B800F5AAAF /* Products */;
			projectDirPath = "";
			projectRoot = "";
			targets = (
				4E8ACB5D2DC044B800F5AAAF /* GitHubCollaboration */,
				4E8ACB6E2DC044BA00F5AAAF /* GitHubCollaborationTests */,
				4E8ACB782DC044BA00F5AAAF /* GitHubCollaborationUITests */,
			);
		};
/* End PBXProject section */

/* Begin PBXResourcesBuildPhase section */
		4E8ACB5C2DC044B800F5AAAF /* Resources */ = {
			isa = PBXResourcesBuildPhase;
			buildActionMask = 2147483647;
			files = (
				4E8ACB6A2DC044BA00F5AAAF /* Preview Assets.xcassets in Resources */,
				4E8ACB662DC044BA00F5AAAF /* Assets.xcassets in Resources */,
			);
			runOnlyForDeploymentPostprocessing = 0;
		};
		4E8ACB6D2DC044BA00F5AAAF /* Resources */ = {
			isa = PBXResourcesBuildPhase;
			buildActionMask = 2147483647;
			files = (
			);
			runOnlyForDeploymentPostprocessing = 0;
		};
		4E8ACB772DC044BA00F5AAAF /* Resources */ = {
			isa = PBXResourcesBuildPhase;
			buildActionMask = 2147483647;
			files = (
			);
			runOnlyForDeploymentPostprocessing = 0;
		};
/* End PBXResourcesBuildPhase section */

/* Begin PBXSourcesBuildPhase section */
		4E8ACB5A2DC044B800F5AAAF /* Sources */ = {
			isa = PBXSourcesBuildPhase;
			buildActionMask = 2147483647;
			files = (
				4E8ACB642DC044B800F5AAAF /* ContentView.swift in Sources */,
				4E8ACB622DC044B800F5AAAF /* GitHubCollaborationApp.swift in Sources */,
			);
			runOnlyForDeploymentPostprocessing = 0;
		};
		4E8ACB6B2DC044BA00F5AAAF /* Sources */ = {
			isa = PBXSourcesBuildPhase;
			buildActionMask = 2147483647;
			files = (
				4E8ACB742DC044BA00F5AAAF /* GitHubCollaborationTests.swift in Sources */,
			);
			runOnlyForDeploymentPostprocessing = 0;
		};
		4E8ACB752DC044BA00F5AAAF /* Sources */ = {
			isa = PBXSourcesBuildPhase;
			buildActionMask = 2147483647;
			files = (
				4E8ACB7E2DC044BA00F5AAAF /* GitHubCollaborationUITests.swift in Sources */,
				4E8ACB802DC044BA00F5AAAF /* GitHubCollaborationUITestsLaunchTests.swift in Sources */,
			);
			runOnlyForDeploymentPostprocessing = 0;
		};
/* End PBXSourcesBuildPhase section */

/* Begin PBXTargetDependency section */
		4E8ACB712DC044BA00F5AAAF /* PBXTargetDependency */ = {
			isa = PBXTargetDependency;
			target = 4E8ACB5D2DC044B800F5AAAF /* GitHubCollaboration */;
			targetProxy = 4E8ACB702DC044BA00F5AAAF /* PBXContainerItemProxy */;
		};
		4E8ACB7B2DC044BA00F5AAAF /* PBXTargetDependency */ = {
			isa = PBXTargetDependency;
			target = 4E8ACB5D2DC044B800F5AAAF /* GitHubCollaboration */;
			targetProxy = 4E8ACB7A2DC044BA00F5AAAF /* PBXContainerItemProxy */;
		};
/* End PBXTargetDependency section */

/* Begin XCBuildConfiguration section */
		4E8ACB812DC044BA00F5AAAF /* Debug */ = {
			isa = XCBuildConfiguration;
			buildSettings = {
				ALWAYS_SEARCH_USER_PATHS = NO;
				ASSETCATALOG_COMPILER_GENERATE_SWIFT_ASSET_SYMBOL_EXTENSIONS = YES;
				CLANG_ANALYZER_NONNULL = YES;
				CLANG_ANALYZER_NUMBER_OBJECT_CONVERSION = YES_AGGRESSIVE;
				CLANG_CXX_LANGUAGE_STANDARD = "gnu++20";
				CLANG_ENABLE_MODULES = YES;
				CLANG_ENABLE_OBJC_ARC = YES;
				CLANG_ENABLE_OBJC_WEAK = YES;
				CLANG_WARN_BLOCK_CAPTURE_AUTORELEASING = YES;
				CLANG_WARN_BOOL_CONVERSION = YES;
				CLANG_WARN_COMMA = YES;
				CLANG_WARN_CONSTANT_CONVERSION = YES;
				CLANG_WARN_DEPRECATED_OBJC_IMPLEMENTATIONS = YES;
				CLANG_WARN_DIRECT_OBJC_ISA_USAGE = YES_ERROR;
				CLANG_WARN_DOCUMENTATION_COMMENTS = YES;
				CLANG_WARN_EMPTY_BODY = YES;
				CLANG_WARN_ENUM_CONVERSION = YES;
				CLANG_WARN_INFINITE_RECURSION = YES;
				CLANG_WARN_INT_CONVERSION = YES;
				CLANG_WARN_NON_LITERAL_NULL_CONVERSION = YES;
				CLANG_WARN_OBJC_IMPLICIT_RETAIN_SELF = YES;
				CLANG_WARN_OBJC_LITERAL_CONVERSION = YES;
				CLANG_WARN_OBJC_ROOT_CLASS = YES_ERROR;
				CLANG_WARN_QUOTED_INCLUDE_IN_FRAMEWORK_HEADER = YES;
				CLANG_WARN_RANGE_LOOP_ANALYSIS = YES;
				CLANG_WARN_STRICT_PROTOTYPES = YES;
				CLANG_WARN_SUSPICIOUS_MOVE = YES;
				CLANG_WARN_UNGUARDED_AVAILABILITY = YES_AGGRESSIVE;
				CLANG_WARN_UNREACHABLE_CODE = YES;
				CLANG_WARN__DUPLICATE_METHOD_MATCH = YES;
				COPY_PHASE_STRIP = NO;
				DEBUG_INFORMATION_FORMAT = dwarf;
				ENABLE_STRICT_OBJC_MSGSEND = YES;
				ENABLE_TESTABILITY = YES;
				ENABLE_USER_SCRIPT_SANDBOXING = YES;
				GCC_C_LANGUAGE_STANDARD = gnu17;
				GCC_DYNAMIC_NO_PIC = NO;
				GCC_NO_COMMON_BLOCKS = YES;
				GCC_OPTIMIZATION_LEVEL = 0;
				GCC_PREPROCESSOR_DEFINITIONS = (
					"DEBUG=1",
					"$(inherited)",
				);
				GCC_WARN_64_TO_32_BIT_CONVERSION = YES;
				GCC_WARN_ABOUT_RETURN_TYPE = YES_ERROR;
				GCC_WARN_UNDECLARED_SELECTOR = YES;
				GCC_WARN_UNINITIALIZED_AUTOS = YES_AGGRESSIVE;
				GCC_WARN_UNUSED_FUNCTION = YES;
				GCC_WARN_UNUSED_VARIABLE = YES;
				LOCALIZATION_PREFERS_STRING_CATALOGS = YES;
				MTL_ENABLE_DEBUG_INFO = INCLUDE_SOURCE;
				MTL_FAST_MATH = YES;
				ONLY_ACTIVE_ARCH = YES;
				SWIFT_ACTIVE_COMPILATION_CONDITIONS = "DEBUG $(inherited)";
				SWIFT_OPTIMIZATION_LEVEL = "-Onone";
			};
			name = Debug;
		};
		4E8ACB822DC044BA00F5AAAF /* Release */ = {
			isa = XCBuildConfiguration;
			buildSettings = {
				ALWAYS_SEARCH_USER_PATHS = NO;
				ASSETCATALOG_COMPILER_GENERATE_SWIFT_ASSET_SYMBOL_EXTENSIONS = YES;
				CLANG_ANALYZER_NONNULL = YES;
				CLANG_ANALYZER_NUMBER_OBJECT_CONVERSION = YES_AGGRESSIVE;
				CLANG_CXX_LANGUAGE_STANDARD = "gnu++20";
				CLANG_ENABLE_MODULES = YES;
				CLANG_ENABLE_OBJC_ARC = YES;
				CLANG_ENABLE_OBJC_WEAK = YES;
				CLANG_WARN_BLOCK_CAPTURE_AUTORELEASING = YES;
				CLANG_WARN_BOOL_CONVERSION = YES;
				CLANG_WARN_COMMA = YES;
				CLANG_WARN_CONSTANT_CONVERSION = YES;
				CLANG_WARN_DEPRECATED_OBJC_IMPLEMENTATIONS = YES;
				CLANG_WARN_DIRECT_OBJC_ISA_USAGE = YES_ERROR;
				CLANG_WARN_DOCUMENTATION_COMMENTS = YES;
				CLANG_WARN_EMPTY_BODY = YES;
				CLANG_WARN_ENUM_CONVERSION = YES;
				CLANG_WARN_INFINITE_RECURSION = YES;
				CLANG_WARN_INT_CONVERSION = YES;
				CLANG_WARN_NON_LITERAL_NULL_CONVERSION = YES;
				CLANG_WARN_OBJC_IMPLICIT_RETAIN_SELF = YES;
				CLANG_WARN_OBJC_LITERAL_CONVERSION = YES;
				CLANG_WARN_OBJC_ROOT_CLASS = YES_ERROR;
				CLANG_WARN_QUOTED_INCLUDE_IN_FRAMEWORK_HEADER = YES;
				CLANG_WARN_RANGE_LOOP_ANALYSIS = YES;
				CLANG_WARN_STRICT_PROTOTYPES = YES;
				CLANG_WARN_SUSPICIOUS_MOVE = YES;
				CLANG_WARN_UNGUARDED_AVAILABILITY = YES_AGGRESSIVE;
				CLANG_WARN_UNREACHABLE_CODE = YES;
				CLANG_WARN__DUPLICATE_METHOD_MATCH = YES;
				COPY_PHASE_STRIP = NO;
				DEBUG_INFORMATION_FORMAT = "dwarf-with-dsym";
				ENABLE_NS_ASSERTIONS = NO;
				ENABLE_STRICT_OBJC_MSGSEND = YES;
				ENABLE_USER_SCRIPT_SANDBOXING = YES;
				GCC_C_LANGUAGE_STANDARD = gnu17;
				GCC_NO_COMMON_BLOCKS = YES;
				GCC_WARN_64_TO_32_BIT_CONVERSION = YES;
				GCC_WARN_ABOUT_RETURN_TYPE = YES_ERROR;
				GCC_WARN_UNDECLARED_SELECTOR = YES;
				GCC_WARN_UNINITIALIZED_AUTOS = YES_AGGRESSIVE;
				GCC_WARN_UNUSED_FUNCTION = YES;
				GCC_WARN_UNUSED_VARIABLE = YES;
				LOCALIZATION_PREFERS_STRING_CATALOGS = YES;
				MTL_ENABLE_DEBUG_INFO = NO;
				MTL_FAST_MATH = YES;
				SWIFT_COMPILATION_MODE = wholemodule;
			};
			name = Release;
		};
		4E8ACB842DC044BA00F5AAAF /* Debug */ = {
			isa = XCBuildConfiguration;
			buildSettings = {
				ASSETCATALOG_COMPILER_APPICON_NAME = AppIcon;
				ASSETCATALOG_COMPILER_GLOBAL_ACCENT_COLOR_NAME = AccentColor;
				CODE_SIGN_ENTITLEMENTS = GitHubCollaboration/GitHubCollaboration.entitlements;
				CODE_SIGN_STYLE = Automatic;
				CURRENT_PROJECT_VERSION = 1;
				DEVELOPMENT_ASSET_PATHS = "\"GitHubCollaboration/Preview Content\"";
				ENABLE_PREVIEWS = YES;
				GENERATE_INFOPLIST_FILE = YES;
				"INFOPLIST_KEY_UIApplicationSceneManifest_Generation[sdk=iphoneos*]" = YES;
				"INFOPLIST_KEY_UIApplicationSceneManifest_Generation[sdk=iphonesimulator*]" = YES;
				"INFOPLIST_KEY_UIApplicationSupportsIndirectInputEvents[sdk=iphoneos*]" = YES;
				"INFOPLIST_KEY_UIApplicationSupportsIndirectInputEvents[sdk=iphonesimulator*]" = YES;
				"INFOPLIST_KEY_UILaunchScreen_Generation[sdk=iphoneos*]" = YES;
				"INFOPLIST_KEY_UILaunchScreen_Generation[sdk=iphonesimulator*]" = YES;
				"INFOPLIST_KEY_UIStatusBarStyle[sdk=iphoneos*]" = UIStatusBarStyleDefault;
				"INFOPLIST_KEY_UIStatusBarStyle[sdk=iphonesimulator*]" = UIStatusBarStyleDefault;
				INFOPLIST_KEY_UISupportedInterfaceOrientations_iPad = "UIInterfaceOrientationPortrait UIInterfaceOrientationPortraitUpsideDown UIInterfaceOrientationLandscapeLeft UIInterfaceOrientationLandscapeRight";
				INFOPLIST_KEY_UISupportedInterfaceOrientations_iPhone = "UIInterfaceOrientationPortrait UIInterfaceOrientationLandscapeLeft UIInterfaceOrientationLandscapeRight";
				IPHONEOS_DEPLOYMENT_TARGET = 17.4;
				LD_RUNPATH_SEARCH_PATHS = "@executable_path/Frameworks";
				"LD_RUNPATH_SEARCH_PATHS[sdk=macosx*]" = "@executable_path/../Frameworks";
				MACOSX_DEPLOYMENT_TARGET = 14.4;
				MARKETING_VERSION = 1.0;
				PRODUCT_BUNDLE_IDENTIFIER = kwk2025.GitHubCollaboration;
				PRODUCT_NAME = "$(TARGET_NAME)";
				SDKROOT = auto;
				SUPPORTED_PLATFORMS = "iphoneos iphonesimulator macosx";
				SWIFT_EMIT_LOC_STRINGS = YES;
				SWIFT_VERSION = 5.0;
				TARGETED_DEVICE_FAMILY = "1,2";
			};
			name = Debug;
		};
		4E8ACB852DC044BA00F5AAAF /* Release */ = {
			isa = XCBuildConfiguration;
			buildSettings = {
				ASSETCATALOG_COMPILER_APPICON_NAME = AppIcon;
				ASSETCATALOG_COMPILER_GLOBAL_ACCENT_COLOR_NAME = AccentColor;
				CODE_SIGN_ENTITLEMENTS = GitHubCollaboration/GitHubCollaboration.entitlements;
				CODE_SIGN_STYLE = Automatic;
				CURRENT_PROJECT_VERSION = 1;
				DEVELOPMENT_ASSET_PATHS = "\"GitHubCollaboration/Preview Content\"";
				ENABLE_PREVIEWS = YES;
				GENERATE_INFOPLIST_FILE = YES;
				"INFOPLIST_KEY_UIApplicationSceneManifest_Generation[sdk=iphoneos*]" = YES;
				"INFOPLIST_KEY_UIApplicationSceneManifest_Generation[sdk=iphonesimulator*]" = YES;
				"INFOPLIST_KEY_UIApplicationSupportsIndirectInputEvents[sdk=iphoneos*]" = YES;
				"INFOPLIST_KEY_UIApplicationSupportsIndirectInputEvents[sdk=iphonesimulator*]" = YES;
				"INFOPLIST_KEY_UILaunchScreen_Generation[sdk=iphoneos*]" = YES;
				"INFOPLIST_KEY_UILaunchScreen_Generation[sdk=iphonesimulator*]" = YES;
				"INFOPLIST_KEY_UIStatusBarStyle[sdk=iphoneos*]" = UIStatusBarStyleDefault;
				"INFOPLIST_KEY_UIStatusBarStyle[sdk=iphonesimulator*]" = UIStatusBarStyleDefault;
				INFOPLIST_KEY_UISupportedInterfaceOrientations_iPad = "UIInterfaceOrientationPortrait UIInterfaceOrientationPortraitUpsideDown UIInterfaceOrientationLandscapeLeft UIInterfaceOrientationLandscapeRight";
				INFOPLIST_KEY_UISupportedInterfaceOrientations_iPhone = "UIInterfaceOrientationPortrait UIInterfaceOrientationLandscapeLeft UIInterfaceOrientationLandscapeRight";
				IPHONEOS_DEPLOYMENT_TARGET = 17.4;
				LD_RUNPATH_SEARCH_PATHS = "@executable_path/Frameworks";
				"LD_RUNPATH_SEARCH_PATHS[sdk=macosx*]" = "@executable_path/../Frameworks";
				MACOSX_DEPLOYMENT_TARGET = 14.4;
				MARKETING_VERSION = 1.0;
				PRODUCT_BUNDLE_IDENTIFIER = kwk2025.GitHubCollaboration;
				PRODUCT_NAME = "$(TARGET_NAME)";
				SDKROOT = auto;
				SUPPORTED_PLATFORMS = "iphoneos iphonesimulator macosx";
				SWIFT_EMIT_LOC_STRINGS = YES;
				SWIFT_VERSION = 5.0;
				TARGETED_DEVICE_FAMILY = "1,2";
			};
			name = Release;
		};
		4E8ACB872DC044BA00F5AAAF /* Debug */ = {
			isa = XCBuildConfiguration;
			buildSettings = {
				ALWAYS_EMBED_SWIFT_STANDARD_LIBRARIES = YES;
				BUNDLE_LOADER = "$(TEST_HOST)";
				CODE_SIGN_STYLE = Automatic;
				CURRENT_PROJECT_VERSION = 1;
				GENERATE_INFOPLIST_FILE = YES;
				IPHONEOS_DEPLOYMENT_TARGET = 17.4;
				MACOSX_DEPLOYMENT_TARGET = 14.4;
				MARKETING_VERSION = 1.0;
				PRODUCT_BUNDLE_IDENTIFIER = kwk2025.GitHubCollaborationTests;
				PRODUCT_NAME = "$(TARGET_NAME)";
				SDKROOT = auto;
				SUPPORTED_PLATFORMS = "iphoneos iphonesimulator macosx";
				SWIFT_EMIT_LOC_STRINGS = NO;
				SWIFT_VERSION = 5.0;
				TARGETED_DEVICE_FAMILY = "1,2";
				TEST_HOST = "$(BUILT_PRODUCTS_DIR)/GitHubCollaboration.app/$(BUNDLE_EXECUTABLE_FOLDER_PATH)/GitHubCollaboration";
			};
			name = Debug;
		};
		4E8ACB882DC044BA00F5AAAF /* Release */ = {
			isa = XCBuildConfiguration;
			buildSettings = {
				ALWAYS_EMBED_SWIFT_STANDARD_LIBRARIES = YES;
				BUNDLE_LOADER = "$(TEST_HOST)";
				CODE_SIGN_STYLE = Automatic;
				CURRENT_PROJECT_VERSION = 1;
				GENERATE_INFOPLIST_FILE = YES;
				IPHONEOS_DEPLOYMENT_TARGET = 17.4;
				MACOSX_DEPLOYMENT_TARGET = 14.4;
				MARKETING_VERSION = 1.0;
				PRODUCT_BUNDLE_IDENTIFIER = kwk2025.GitHubCollaborationTests;
				PRODUCT_NAME = "$(TARGET_NAME)";
				SDKROOT = auto;
				SUPPORTED_PLATFORMS = "iphoneos iphonesimulator macosx";
				SWIFT_EMIT_LOC_STRINGS = NO;
				SWIFT_VERSION = 5.0;
				TARGETED_DEVICE_FAMILY = "1,2";
				TEST_HOST = "$(BUILT_PRODUCTS_DIR)/GitHubCollaboration.app/$(BUNDLE_EXECUTABLE_FOLDER_PATH)/GitHubCollaboration";
			};
			name = Release;
		};
		4E8ACB8A2DC044BA00F5AAAF /* Debug */ = {
			isa = XCBuildConfiguration;
			buildSettings = {
				ALWAYS_EMBED_SWIFT_STANDARD_LIBRARIES = YES;
				CODE_SIGN_STYLE = Automatic;
				CURRENT_PROJECT_VERSION = 1;
				GENERATE_INFOPLIST_FILE = YES;
				IPHONEOS_DEPLOYMENT_TARGET = 17.4;
				MACOSX_DEPLOYMENT_TARGET = 14.4;
				MARKETING_VERSION = 1.0;
				PRODUCT_BUNDLE_IDENTIFIER = kwk2025.GitHubCollaborationUITests;
				PRODUCT_NAME = "$(TARGET_NAME)";
				SDKROOT = auto;
				SUPPORTED_PLATFORMS = "iphoneos iphonesimulator macosx";
				SWIFT_EMIT_LOC_STRINGS = NO;
				SWIFT_VERSION = 5.0;
				TARGETED_DEVICE_FAMILY = "1,2";
				TEST_TARGET_NAME = GitHubCollaboration;
			};
			name = Debug;
		};
		4E8ACB8B2DC044BA00F5AAAF /* Release */ = {
			isa = XCBuildConfiguration;
			buildSettings = {
				ALWAYS_EMBED_SWIFT_STANDARD_LIBRARIES = YES;
				CODE_SIGN_STYLE = Automatic;
				CURRENT_PROJECT_VERSION = 1;
				GENERATE_INFOPLIST_FILE = YES;
				IPHONEOS_DEPLOYMENT_TARGET = 17.4;
				MACOSX_DEPLOYMENT_TARGET = 14.4;
				MARKETING_VERSION = 1.0;
				PRODUCT_BUNDLE_IDENTIFIER = kwk2025.GitHubCollaborationUITests;
				PRODUCT_NAME = "$(TARGET_NAME)";
				SDKROOT = auto;
				SUPPORTED_PLATFORMS = "iphoneos iphonesimulator macosx";
				SWIFT_EMIT_LOC_STRINGS = NO;
				SWIFT_VERSION = 5.0;
				TARGETED_DEVICE_FAMILY = "1,2";
				TEST_TARGET_NAME = GitHubCollaboration;
			};
			name = Release;
		};
/* End XCBuildConfiguration section */

/* Begin XCConfigurationList section */
		4E8ACB592DC044B800F5AAAF /* Build configuration list for PBXProject "GitHubCollaboration" */ = {
			isa = XCConfigurationList;
			buildConfigurations = (
				4E8ACB812DC044BA00F5AAAF /* Debug */,
				4E8ACB822DC044BA00F5AAAF /* Release */,
			);
			defaultConfigurationIsVisible = 0;
			defaultConfigurationName = Release;
		};
		4E8ACB832DC044BA00F5AAAF /* Build configuration list for PBXNativeTarget "GitHubCollaboration" */ = {
			isa = XCConfigurationList;
			buildConfigurations = (
				4E8ACB842DC044BA00F5AAAF /* Debug */,
				4E8ACB852DC044BA00F5AAAF /* Release */,
			);
			defaultConfigurationIsVisible = 0;
			defaultConfigurationName = Release;
		};
		4E8ACB862DC044BA00F5AAAF /* Build configuration list for PBXNativeTarget "GitHubCollaborationTests" */ = {
			isa = XCConfigurationList;
			buildConfigurations = (
				4E8ACB872DC044BA00F5AAAF /* Debug */,
				4E8ACB882DC044BA00F5AAAF /* Release */,
			);
			defaultConfigurationIsVisible = 0;
			defaultConfigurationName = Release;
		};
		4E8ACB892DC044BA00F5AAAF /* Build configuration list for PBXNativeTarget "GitHubCollaborationUITests" */ = {
			isa = XCConfigurationList;
			buildConfigurations = (
				4E8ACB8A2DC044BA00F5AAAF /* Debug */,
				4E8ACB8B2DC044BA00F5AAAF /* Release */,
			);
			defaultConfigurationIsVisible = 0;
			defaultConfigurationName = Release;
		};
/* End XCConfigurationList section */
	};
	rootObject = 4E8ACB562DC044B800F5AAAF /* Project object */;
}
